
Microsoft Visual Studio Solution File, Format Version 12.00
# Visual Studio 14
VisualStudioVersion = 14.0.25420.1
MinimumVisualStudioVersion = 10.0.40219.1
Project("{8BC9CEB8-8B4A-11D0-8D11-00A0C91BC942}") = "Tutorial_ENDIANS", "ENDIANS\ENDIANS.vcxproj", "{8E973E86-C7A0-46BF-8E59-6A53D6A48CD3}"
EndProject
Project("{8BC9CEB8-8B4A-11D0-8D11-00A0C91BC942}") = "Tutorial_DRAWRECT", "DRAWRECT\DRAWRECT.vcxproj", "{7F148476-F742-4C9C-8931-EE717AE4F5CF}"
EndProject
Project("{8BC9CEB8-8B4A-11D0-8D11-00A0C91BC942}") = "Tutorial_LECTURE", "..\ENDIAN\ENDIAN.vcxproj", "{C130AFA0-9D79-4723-8B1A-FF7B57316A47}"
EndProject
Project("{8BC9CEB8-8B4A-11D0-8D11-00A0C91BC942}") = "AL1_147_CODE6.2", "Full navigation_1_147\Full navigation_1_147.vcxproj", "{B7F59007-9ADF-4D58-A963-2CEC620EDE60}"
EndProject
Project("{8BC9CEB8-8B4A-11D0-8D11-00A0C91BC942}") = "Tutorial_ENCRYPT", "ENCRYPT\ENCRYPT.vcxproj", "{F2F34B89-ADCA-457F-9C92-FC5A381B359A}"
EndProject
Project("{8BC9CEB8-8B4A-11D0-8D11-00A0C91BC942}") = "BOGGLE", "BOGGLE\BOGGLE.vcxproj", "{80A1A1DE-BD9D-45BB-B1F2-C5324065BC32}"
EndProject
Project("{8BC9CEB8-8B4A-11D0-8D11-00A0C91BC942}") = "Tutorial_MISPELL", "MISPELL\MISPELL.vcxproj", "{2151E0BF-ACAB-4FB2-BD8E-046514DE658A}"
EndProject
Project("{8BC9CEB8-8B4A-11D0-8D11-00A0C91BC942}") = "Tutorial_CONVERT", "CONVERT\CONVERT.vcxproj", "{99AAD11A-4FF9-41B2-BBBD-CE88F76BB58F}"
EndProject
Project("{8BC9CEB8-8B4A-11D0-8D11-00A0C91BC942}") = "Tutorial_HOTSUMMER", "HOTSUMMER\HOTSUMMER.vcxproj", "{E5E955F5-F86F-409F-946A-6E6FA9DBDF4A}"
EndProject
Project("{8BC9CEB8-8B4A-11D0-8D11-00A0C91BC942}") = "imple_URI Decoding", "URI Decoding\URI Decoding.vcxproj", "{EC285E73-84E6-4A08-A524-639764C9FF07}"
EndProject
Project("{8BC9CEB8-8B4A-11D0-8D11-00A0C91BC942}") = "imple_XHAENEUNG", "XHAENEUNG\XHAENEUNG.vcxproj", "{2EF957E5-958D-4F84-A4C7-1FA8A91CA8F4}"
EndProject
Project("{8BC9CEB8-8B4A-11D0-8D11-00A0C91BC942}") = "Knapsack", "Knapsack\Knapsack.vcxproj", "{7AC99464-268F-444B-84D5-24434AE19F8F}"
EndProject
Project("{8BC9CEB8-8B4A-11D0-8D11-00A0C91BC942}") = "imple_Weird", "imple_Weird\imple_Weird.vcxproj", "{938D1D5B-8A68-457E-9A28-ACEE9D225956}"
EndProject
Project("{8BC9CEB8-8B4A-11D0-8D11-00A0C91BC942}") = "HELLO WORLD", "HELLO WORLD\HELLO WORLD.vcxproj", "{784927FC-5C90-453B-8DE5-C7E0B21D9308}"
EndProject
Global
	GlobalSection(SolutionConfigurationPlatforms) = preSolution
		Debug|x64 = Debug|x64
		Debug|x86 = Debug|x86
		Release|x64 = Release|x64
		Release|x86 = Release|x86
	EndGlobalSection
	GlobalSection(ProjectConfigurationPlatforms) = postSolution
		{8E973E86-C7A0-46BF-8E59-6A53D6A48CD3}.Debug|x64.ActiveCfg = Debug|x64
		{8E973E86-C7A0-46BF-8E59-6A53D6A48CD3}.Debug|x64.Build.0 = Debug|x64
		{8E973E86-C7A0-46BF-8E59-6A53D6A48CD3}.Debug|x86.ActiveCfg = Debug|Win32
		{8E973E86-C7A0-46BF-8E59-6A53D6A48CD3}.Debug|x86.Build.0 = Debug|Win32
		{8E973E86-C7A0-46BF-8E59-6A53D6A48CD3}.Release|x64.ActiveCfg = Release|x64
		{8E973E86-C7A0-46BF-8E59-6A53D6A48CD3}.Release|x64.Build.0 = Release|x64
		{8E973E86-C7A0-46BF-8E59-6A53D6A48CD3}.Release|x86.ActiveCfg = Release|Win32
		{8E973E86-C7A0-46BF-8E59-6A53D6A48CD3}.Release|x86.Build.0 = Release|Win32
		{7F148476-F742-4C9C-8931-EE717AE4F5CF}.Debug|x64.ActiveCfg = Debug|x64
		{7F148476-F742-4C9C-8931-EE717AE4F5CF}.Debug|x64.Build.0 = Debug|x64
		{7F148476-F742-4C9C-8931-EE717AE4F5CF}.Debug|x86.ActiveCfg = Debug|Win32
		{7F148476-F742-4C9C-8931-EE717AE4F5CF}.Debug|x86.Build.0 = Debug|Win32
		{7F148476-F742-4C9C-8931-EE717AE4F5CF}.Release|x64.ActiveCfg = Release|x64
		{7F148476-F742-4C9C-8931-EE717AE4F5CF}.Release|x64.Build.0 = Release|x64
		{7F148476-F742-4C9C-8931-EE717AE4F5CF}.Release|x86.ActiveCfg = Release|Win32
		{7F148476-F742-4C9C-8931-EE717AE4F5CF}.Release|x86.Build.0 = Release|Win32
		{C130AFA0-9D79-4723-8B1A-FF7B57316A47}.Debug|x64.ActiveCfg = Debug|x64
		{C130AFA0-9D79-4723-8B1A-FF7B57316A47}.Debug|x64.Build.0 = Debug|x64
		{C130AFA0-9D79-4723-8B1A-FF7B57316A47}.Debug|x86.ActiveCfg = Debug|Win32
		{C130AFA0-9D79-4723-8B1A-FF7B57316A47}.Debug|x86.Build.0 = Debug|Win32
		{C130AFA0-9D79-4723-8B1A-FF7B57316A47}.Release|x64.ActiveCfg = Release|x64
		{C130AFA0-9D79-4723-8B1A-FF7B57316A47}.Release|x64.Build.0 = Release|x64
		{C130AFA0-9D79-4723-8B1A-FF7B57316A47}.Release|x86.ActiveCfg = Release|Win32
		{C130AFA0-9D79-4723-8B1A-FF7B57316A47}.Release|x86.Build.0 = Release|Win32
		{B7F59007-9ADF-4D58-A963-2CEC620EDE60}.Debug|x64.ActiveCfg = Debug|x64
		{B7F59007-9ADF-4D58-A963-2CEC620EDE60}.Debug|x64.Build.0 = Debug|x64
		{B7F59007-9ADF-4D58-A963-2CEC620EDE60}.Debug|x86.ActiveCfg = Debug|Win32
		{B7F59007-9ADF-4D58-A963-2CEC620EDE60}.Debug|x86.Build.0 = Debug|Win32
		{B7F59007-9ADF-4D58-A963-2CEC620EDE60}.Release|x64.ActiveCfg = Release|x64
		{B7F59007-9ADF-4D58-A963-2CEC620EDE60}.Release|x64.Build.0 = Release|x64
		{B7F59007-9ADF-4D58-A963-2CEC620EDE60}.Release|x86.ActiveCfg = Release|Win32
		{B7F59007-9ADF-4D58-A963-2CEC620EDE60}.Release|x86.Build.0 = Release|Win32
		{F2F34B89-ADCA-457F-9C92-FC5A381B359A}.Debug|x64.ActiveCfg = Debug|x64
		{F2F34B89-ADCA-457F-9C92-FC5A381B359A}.Debug|x64.Build.0 = Debug|x64
		{F2F34B89-ADCA-457F-9C92-FC5A381B359A}.Debug|x86.ActiveCfg = Debug|Win32
		{F2F34B89-ADCA-457F-9C92-FC5A381B359A}.Debug|x86.Build.0 = Debug|Win32
		{F2F34B89-ADCA-457F-9C92-FC5A381B359A}.Release|x64.ActiveCfg = Release|x64
		{F2F34B89-ADCA-457F-9C92-FC5A381B359A}.Release|x64.Build.0 = Release|x64
		{F2F34B89-ADCA-457F-9C92-FC5A381B359A}.Release|x86.ActiveCfg = Release|Win32
		{F2F34B89-ADCA-457F-9C92-FC5A381B359A}.Release|x86.Build.0 = Release|Win32
		{80A1A1DE-BD9D-45BB-B1F2-C5324065BC32}.Debug|x64.ActiveCfg = Debug|x64
		{80A1A1DE-BD9D-45BB-B1F2-C5324065BC32}.Debug|x64.Build.0 = Debug|x64
		{80A1A1DE-BD9D-45BB-B1F2-C5324065BC32}.Debug|x86.ActiveCfg = Debug|Win32
		{80A1A1DE-BD9D-45BB-B1F2-C5324065BC32}.Debug|x86.Build.0 = Debug|Win32
		{80A1A1DE-BD9D-45BB-B1F2-C5324065BC32}.Release|x64.ActiveCfg = Release|x64
		{80A1A1DE-BD9D-45BB-B1F2-C5324065BC32}.Release|x64.Build.0 = Release|x64
		{80A1A1DE-BD9D-45BB-B1F2-C5324065BC32}.Release|x86.ActiveCfg = Release|Win32
		{80A1A1DE-BD9D-45BB-B1F2-C5324065BC32}.Release|x86.Build.0 = Release|Win32
		{2151E0BF-ACAB-4FB2-BD8E-046514DE658A}.Debug|x64.ActiveCfg = Debug|x64
		{2151E0BF-ACAB-4FB2-BD8E-046514DE658A}.Debug|x64.Build.0 = Debug|x64
		{2151E0BF-ACAB-4FB2-BD8E-046514DE658A}.Debug|x86.ActiveCfg = Debug|Win32
		{2151E0BF-ACAB-4FB2-BD8E-046514DE658A}.Debug|x86.Build.0 = Debug|Win32
		{2151E0BF-ACAB-4FB2-BD8E-046514DE658A}.Release|x64.ActiveCfg = Release|x64
		{2151E0BF-ACAB-4FB2-BD8E-046514DE658A}.Release|x64.Build.0 = Release|x64
		{2151E0BF-ACAB-4FB2-BD8E-046514DE658A}.Release|x86.ActiveCfg = Release|Win32
		{2151E0BF-ACAB-4FB2-BD8E-046514DE658A}.Release|x86.Build.0 = Release|Win32
		{99AAD11A-4FF9-41B2-BBBD-CE88F76BB58F}.Debug|x64.ActiveCfg = Debug|x64
		{99AAD11A-4FF9-41B2-BBBD-CE88F76BB58F}.Debug|x64.Build.0 = Debug|x64
		{99AAD11A-4FF9-41B2-BBBD-CE88F76BB58F}.Debug|x86.ActiveCfg = Debug|Win32
		{99AAD11A-4FF9-41B2-BBBD-CE88F76BB58F}.Debug|x86.Build.0 = Debug|Win32
		{99AAD11A-4FF9-41B2-BBBD-CE88F76BB58F}.Release|x64.ActiveCfg = Release|x64
		{99AAD11A-4FF9-41B2-BBBD-CE88F76BB58F}.Release|x64.Build.0 = Release|x64
		{99AAD11A-4FF9-41B2-BBBD-CE88F76BB58F}.Release|x86.ActiveCfg = Release|Win32
		{99AAD11A-4FF9-41B2-BBBD-CE88F76BB58F}.Release|x86.Build.0 = Release|Win32
		{E5E955F5-F86F-409F-946A-6E6FA9DBDF4A}.Debug|x64.ActiveCfg = Debug|x64
		{E5E955F5-F86F-409F-946A-6E6FA9DBDF4A}.Debug|x64.Build.0 = Debug|x64
		{E5E955F5-F86F-409F-946A-6E6FA9DBDF4A}.Debug|x86.ActiveCfg = Debug|Win32
		{E5E955F5-F86F-409F-946A-6E6FA9DBDF4A}.Debug|x86.Build.0 = Debug|Win32
		{E5E955F5-F86F-409F-946A-6E6FA9DBDF4A}.Release|x64.ActiveCfg = Release|x64
		{E5E955F5-F86F-409F-946A-6E6FA9DBDF4A}.Release|x64.Build.0 = Release|x64
		{E5E955F5-F86F-409F-946A-6E6FA9DBDF4A}.Release|x86.ActiveCfg = Release|Win32
		{E5E955F5-F86F-409F-946A-6E6FA9DBDF4A}.Release|x86.Build.0 = Release|Win32
		{EC285E73-84E6-4A08-A524-639764C9FF07}.Debug|x64.ActiveCfg = Debug|x64
		{EC285E73-84E6-4A08-A524-639764C9FF07}.Debug|x64.Build.0 = Debug|x64
		{EC285E73-84E6-4A08-A524-639764C9FF07}.Debug|x86.ActiveCfg = Debug|Win32
		{EC285E73-84E6-4A08-A524-639764C9FF07}.Debug|x86.Build.0 = Debug|Win32
		{EC285E73-84E6-4A08-A524-639764C9FF07}.Release|x64.ActiveCfg = Release|x64
		{EC285E73-84E6-4A08-A524-639764C9FF07}.Release|x64.Build.0 = Release|x64
		{EC285E73-84E6-4A08-A524-639764C9FF07}.Release|x86.ActiveCfg = Release|Win32
		{EC285E73-84E6-4A08-A524-639764C9FF07}.Release|x86.Build.0 = Release|Win32
		{2EF957E5-958D-4F84-A4C7-1FA8A91CA8F4}.Debug|x64.ActiveCfg = Debug|x64
		{2EF957E5-958D-4F84-A4C7-1FA8A91CA8F4}.Debug|x64.Build.0 = Debug|x64
		{2EF957E5-958D-4F84-A4C7-1FA8A91CA8F4}.Debug|x86.ActiveCfg = Debug|Win32
		{2EF957E5-958D-4F84-A4C7-1FA8A91CA8F4}.Debug|x86.Build.0 = Debug|Win32
		{2EF957E5-958D-4F84-A4C7-1FA8A91CA8F4}.Release|x64.ActiveCfg = Release|x64
		{2EF957E5-958D-4F84-A4C7-1FA8A91CA8F4}.Release|x64.Build.0 = Release|x64
		{2EF957E5-958D-4F84-A4C7-1FA8A91CA8F4}.Release|x86.ActiveCfg = Release|Win32
		{2EF957E5-958D-4F84-A4C7-1FA8A91CA8F4}.Release|x86.Build.0 = Release|Win32
		{7AC99464-268F-444B-84D5-24434AE19F8F}.Debug|x64.ActiveCfg = Debug|x64
		{7AC99464-268F-444B-84D5-24434AE19F8F}.Debug|x64.Build.0 = Debug|x64
		{7AC99464-268F-444B-84D5-24434AE19F8F}.Debug|x86.ActiveCfg = Debug|Win32
		{7AC99464-268F-444B-84D5-24434AE19F8F}.Debug|x86.Build.0 = Debug|Win32
		{7AC99464-268F-444B-84D5-24434AE19F8F}.Release|x64.ActiveCfg = Release|x64
		{7AC99464-268F-444B-84D5-24434AE19F8F}.Release|x64.Build.0 = Release|x64
		{7AC99464-268F-444B-84D5-24434AE19F8F}.Release|x86.ActiveCfg = Release|Win32
		{7AC99464-268F-444B-84D5-24434AE19F8F}.Release|x86.Build.0 = Release|Win32
		{938D1D5B-8A68-457E-9A28-ACEE9D225956}.Debug|x64.ActiveCfg = Debug|x64
		{938D1D5B-8A68-457E-9A28-ACEE9D225956}.Debug|x64.Build.0 = Debug|x64
		{938D1D5B-8A68-457E-9A28-ACEE9D225956}.Debug|x86.ActiveCfg = Debug|Win32
		{938D1D5B-8A68-457E-9A28-ACEE9D225956}.Debug|x86.Build.0 = Debug|Win32
		{938D1D5B-8A68-457E-9A28-ACEE9D225956}.Release|x64.ActiveCfg = Release|x64
		{938D1D5B-8A68-457E-9A28-ACEE9D225956}.Release|x64.Build.0 = Release|x64
		{938D1D5B-8A68-457E-9A28-ACEE9D225956}.Release|x86.ActiveCfg = Release|Win32
		{938D1D5B-8A68-457E-9A28-ACEE9D225956}.Release|x86.Build.0 = Release|Win32
		{784927FC-5C90-453B-8DE5-C7E0B21D9308}.Debug|x64.ActiveCfg = Debug|x64
		{784927FC-5C90-453B-8DE5-C7E0B21D9308}.Debug|x64.Build.0 = Debug|x64
		{784927FC-5C90-453B-8DE5-C7E0B21D9308}.Debug|x86.ActiveCfg = Debug|Win32
		{784927FC-5C90-453B-8DE5-C7E0B21D9308}.Debug|x86.Build.0 = Debug|Win32
		{784927FC-5C90-453B-8DE5-C7E0B21D9308}.Release|x64.ActiveCfg = Release|x64
		{784927FC-5C90-453B-8DE5-C7E0B21D9308}.Release|x64.Build.0 = Release|x64
		{784927FC-5C90-453B-8DE5-C7E0B21D9308}.Release|x86.ActiveCfg = Release|Win32
		{784927FC-5C90-453B-8DE5-C7E0B21D9308}.Release|x86.Build.0 = Release|Win32
	EndGlobalSection
	GlobalSection(SolutionProperties) = preSolution
		HideSolutionNode = FALSE
	EndGlobalSection
EndGlobal
